
Microsoft Visual Studio Solution File, Format Version 12.00
# Visual Studio Version 16
VisualStudioVersion = 16.0.34902.97
MinimumVisualStudioVersion = 10.0.40219.1
Project("{FAE04EC0-301F-11D3-BF4B-00C04F79EFBC}") = "RailwayReservationSystemDup", "RailwayReservationSystemDup\RailwayReservationSystemDup.csproj", "{5FA970D5-E02E-4EDC-9296-55B1DF699A3B}"
EndProject
Global
	GlobalSection(SolutionConfigurationPlatforms) = preSolution
		Debug|Any CPU = Debug|Any CPU
		Release|Any CPU = Release|Any CPU
	EndGlobalSection
	GlobalSection(ProjectConfigurationPlatforms) = postSolution
		{5FA970D5-E02E-4EDC-9296-55B1DF699A3B}.Debug|Any CPU.ActiveCfg = Debug|Any CPU
		{5FA970D5-E02E-4EDC-9296-55B1DF699A3B}.Debug|Any CPU.Build.0 = Debug|Any CPU
		{5FA970D5-E02E-4EDC-9296-55B1DF699A3B}.Release|Any CPU.ActiveCfg = Release|Any CPU
		{5FA970D5-E02E-4EDC-9296-55B1DF699A3B}.Release|Any CPU.Build.0 = Release|Any CPU
	EndGlobalSection
	GlobalSection(SolutionProperties) = preSolution
		HideSolutionNode = FALSE
	EndGlobalSection
	GlobalSection(ExtensibilityGlobals) = postSolution
		SolutionGuid = {9EEBE3FD-B304-4677-B6A3-FFC97F86632D}
	EndGlobalSection
EndGlobal
