
Microsoft Visual Studio Solution File, Format Version 12.00
# Visual Studio Version 16
VisualStudioVersion = 16.0.34902.97
MinimumVisualStudioVersion = 10.0.40219.1
Project("{FAE04EC0-301F-11D3-BF4B-00C04F79EFBC}") = "BuildingRelations", "BuildingRelations\BuildingRelations.csproj", "{60AE3B50-4837-44A7-AF6A-F84B0ECE0898}"
EndProject
Global
	GlobalSection(SolutionConfigurationPlatforms) = preSolution
		Debug|Any CPU = Debug|Any CPU
		Release|Any CPU = Release|Any CPU
	EndGlobalSection
	GlobalSection(ProjectConfigurationPlatforms) = postSolution
		{60AE3B50-4837-44A7-AF6A-F84B0ECE0898}.Debug|Any CPU.ActiveCfg = Debug|Any CPU
		{60AE3B50-4837-44A7-AF6A-F84B0ECE0898}.Debug|Any CPU.Build.0 = Debug|Any CPU
		{60AE3B50-4837-44A7-AF6A-F84B0ECE0898}.Release|Any CPU.ActiveCfg = Release|Any CPU
		{60AE3B50-4837-44A7-AF6A-F84B0ECE0898}.Release|Any CPU.Build.0 = Release|Any CPU
	EndGlobalSection
	GlobalSection(SolutionProperties) = preSolution
		HideSolutionNode = FALSE
	EndGlobalSection
	GlobalSection(ExtensibilityGlobals) = postSolution
		SolutionGuid = {6FE4F3CF-31CA-41DD-A706-B5FFD17D6D4D}
	EndGlobalSection
EndGlobal
