
Microsoft Visual Studio Solution File, Format Version 12.00
# Visual Studio Version 16
VisualStudioVersion = 16.0.34902.97
MinimumVisualStudioVersion = 10.0.40219.1
Project("{FAE04EC0-301F-11D3-BF4B-00C04F79EFBC}") = "Linq_To_DataTable", "Linq_To_DataTable\Linq_To_DataTable.csproj", "{1699104A-DCAB-40C4-9B23-963F2931F964}"
EndProject
Global
	GlobalSection(SolutionConfigurationPlatforms) = preSolution
		Debug|Any CPU = Debug|Any CPU
		Release|Any CPU = Release|Any CPU
	EndGlobalSection
	GlobalSection(ProjectConfigurationPlatforms) = postSolution
		{1699104A-DCAB-40C4-9B23-963F2931F964}.Debug|Any CPU.ActiveCfg = Debug|Any CPU
		{1699104A-DCAB-40C4-9B23-963F2931F964}.Debug|Any CPU.Build.0 = Debug|Any CPU
		{1699104A-DCAB-40C4-9B23-963F2931F964}.Release|Any CPU.ActiveCfg = Release|Any CPU
		{1699104A-DCAB-40C4-9B23-963F2931F964}.Release|Any CPU.Build.0 = Release|Any CPU
	EndGlobalSection
	GlobalSection(SolutionProperties) = preSolution
		HideSolutionNode = FALSE
	EndGlobalSection
	GlobalSection(ExtensibilityGlobals) = postSolution
		SolutionGuid = {9ABA91A0-0D98-4A06-9650-3E221526ACCD}
	EndGlobalSection
EndGlobal
