
Microsoft Visual Studio Solution File, Format Version 12.00
# Visual Studio Version 16
VisualStudioVersion = 16.0.34902.97
MinimumVisualStudioVersion = 10.0.40219.1
Project("{FAE04EC0-301F-11D3-BF4B-00C04F79EFBC}") = "RemoteClientWindow", "RemoteClientWindow\RemoteClientWindow.csproj", "{6AC3B3DC-5007-49C8-B182-67E844A8082A}"
EndProject
Global
	GlobalSection(SolutionConfigurationPlatforms) = preSolution
		Debug|Any CPU = Debug|Any CPU
		Release|Any CPU = Release|Any CPU
	EndGlobalSection
	GlobalSection(ProjectConfigurationPlatforms) = postSolution
		{6AC3B3DC-5007-49C8-B182-67E844A8082A}.Debug|Any CPU.ActiveCfg = Debug|Any CPU
		{6AC3B3DC-5007-49C8-B182-67E844A8082A}.Debug|Any CPU.Build.0 = Debug|Any CPU
		{6AC3B3DC-5007-49C8-B182-67E844A8082A}.Release|Any CPU.ActiveCfg = Release|Any CPU
		{6AC3B3DC-5007-49C8-B182-67E844A8082A}.Release|Any CPU.Build.0 = Release|Any CPU
	EndGlobalSection
	GlobalSection(SolutionProperties) = preSolution
		HideSolutionNode = FALSE
	EndGlobalSection
	GlobalSection(ExtensibilityGlobals) = postSolution
		SolutionGuid = {DFC7125E-5CED-4334-900E-615C92064377}
	EndGlobalSection
EndGlobal
