
Microsoft Visual Studio Solution File, Format Version 12.00
# Visual Studio Version 16
VisualStudioVersion = 16.0.34902.97
MinimumVisualStudioVersion = 10.0.40219.1
Project("{FAE04EC0-301F-11D3-BF4B-00C04F79EFBC}") = "CodeFirst", "CodeFirst\CodeFirst.csproj", "{FA28C41F-B4D5-40A3-A8F0-313B6A23CEFB}"
EndProject
Global
	GlobalSection(SolutionConfigurationPlatforms) = preSolution
		Debug|Any CPU = Debug|Any CPU
		Release|Any CPU = Release|Any CPU
	EndGlobalSection
	GlobalSection(ProjectConfigurationPlatforms) = postSolution
		{FA28C41F-B4D5-40A3-A8F0-313B6A23CEFB}.Debug|Any CPU.ActiveCfg = Debug|Any CPU
		{FA28C41F-B4D5-40A3-A8F0-313B6A23CEFB}.Debug|Any CPU.Build.0 = Debug|Any CPU
		{FA28C41F-B4D5-40A3-A8F0-313B6A23CEFB}.Release|Any CPU.ActiveCfg = Release|Any CPU
		{FA28C41F-B4D5-40A3-A8F0-313B6A23CEFB}.Release|Any CPU.Build.0 = Release|Any CPU
	EndGlobalSection
	GlobalSection(SolutionProperties) = preSolution
		HideSolutionNode = FALSE
	EndGlobalSection
	GlobalSection(ExtensibilityGlobals) = postSolution
		SolutionGuid = {BE1F60AE-5D2D-4E51-9992-77287F1B3879}
	EndGlobalSection
EndGlobal
