
Microsoft Visual Studio Solution File, Format Version 12.00
# Visual Studio Version 16
VisualStudioVersion = 16.0.34902.97
MinimumVisualStudioVersion = 10.0.40219.1
Project("{FAE04EC0-301F-11D3-BF4B-00C04F79EFBC}") = "DatabaseFirst", "DatabaseFirst\DatabaseFirst.csproj", "{C29DDFFE-E8D5-4791-B64C-4FB974CA2590}"
EndProject
Global
	GlobalSection(SolutionConfigurationPlatforms) = preSolution
		Debug|Any CPU = Debug|Any CPU
		Release|Any CPU = Release|Any CPU
	EndGlobalSection
	GlobalSection(ProjectConfigurationPlatforms) = postSolution
		{C29DDFFE-E8D5-4791-B64C-4FB974CA2590}.Debug|Any CPU.ActiveCfg = Debug|Any CPU
		{C29DDFFE-E8D5-4791-B64C-4FB974CA2590}.Debug|Any CPU.Build.0 = Debug|Any CPU
		{C29DDFFE-E8D5-4791-B64C-4FB974CA2590}.Release|Any CPU.ActiveCfg = Release|Any CPU
		{C29DDFFE-E8D5-4791-B64C-4FB974CA2590}.Release|Any CPU.Build.0 = Release|Any CPU
	EndGlobalSection
	GlobalSection(SolutionProperties) = preSolution
		HideSolutionNode = FALSE
	EndGlobalSection
	GlobalSection(ExtensibilityGlobals) = postSolution
		SolutionGuid = {47833D74-6992-4786-BA82-CE58DFFB8590}
	EndGlobalSection
EndGlobal
