
Microsoft Visual Studio Solution File, Format Version 12.00
# Visual Studio Version 16
VisualStudioVersion = 16.0.34902.97
MinimumVisualStudioVersion = 10.0.40219.1
Project("{FAE04EC0-301F-11D3-BF4B-00C04F79EFBC}") = "HtmlHelpersPrj", "HtmlHelpersPrj\HtmlHelpersPrj.csproj", "{B4892053-B1CB-4143-8797-C4167D7294A0}"
EndProject
Global
	GlobalSection(SolutionConfigurationPlatforms) = preSolution
		Debug|Any CPU = Debug|Any CPU
		Release|Any CPU = Release|Any CPU
	EndGlobalSection
	GlobalSection(ProjectConfigurationPlatforms) = postSolution
		{B4892053-B1CB-4143-8797-C4167D7294A0}.Debug|Any CPU.ActiveCfg = Debug|Any CPU
		{B4892053-B1CB-4143-8797-C4167D7294A0}.Debug|Any CPU.Build.0 = Debug|Any CPU
		{B4892053-B1CB-4143-8797-C4167D7294A0}.Release|Any CPU.ActiveCfg = Release|Any CPU
		{B4892053-B1CB-4143-8797-C4167D7294A0}.Release|Any CPU.Build.0 = Release|Any CPU
	EndGlobalSection
	GlobalSection(SolutionProperties) = preSolution
		HideSolutionNode = FALSE
	EndGlobalSection
	GlobalSection(ExtensibilityGlobals) = postSolution
		SolutionGuid = {6BCB2659-2E28-4C28-B868-0245E208AA94}
	EndGlobalSection
EndGlobal
