
Microsoft Visual Studio Solution File, Format Version 12.00
# Visual Studio Version 16
VisualStudioVersion = 16.0.34902.97
MinimumVisualStudioVersion = 10.0.40219.1
Project("{FAE04EC0-301F-11D3-BF4B-00C04F79EFBC}") = "MVC_Basics", "MVC_Basics\MVC_Basics.csproj", "{DFD902EA-AB9C-41DC-876F-F67F99ECF3C5}"
EndProject
Global
	GlobalSection(SolutionConfigurationPlatforms) = preSolution
		Debug|Any CPU = Debug|Any CPU
		Release|Any CPU = Release|Any CPU
	EndGlobalSection
	GlobalSection(ProjectConfigurationPlatforms) = postSolution
		{DFD902EA-AB9C-41DC-876F-F67F99ECF3C5}.Debug|Any CPU.ActiveCfg = Debug|Any CPU
		{DFD902EA-AB9C-41DC-876F-F67F99ECF3C5}.Debug|Any CPU.Build.0 = Debug|Any CPU
		{DFD902EA-AB9C-41DC-876F-F67F99ECF3C5}.Release|Any CPU.ActiveCfg = Release|Any CPU
		{DFD902EA-AB9C-41DC-876F-F67F99ECF3C5}.Release|Any CPU.Build.0 = Release|Any CPU
	EndGlobalSection
	GlobalSection(SolutionProperties) = preSolution
		HideSolutionNode = FALSE
	EndGlobalSection
	GlobalSection(ExtensibilityGlobals) = postSolution
		SolutionGuid = {F1E98939-791B-4FD8-B5A5-B09132BD87AF}
	EndGlobalSection
EndGlobal
