
Microsoft Visual Studio Solution File, Format Version 12.00
# Visual Studio Version 16
VisualStudioVersion = 16.0.34902.97
MinimumVisualStudioVersion = 10.0.40219.1
Project("{FAE04EC0-301F-11D3-BF4B-00C04F79EFBC}") = "Linq_To_Sql_VS", "Linq_to_SQL_VS\Linq_To_Sql_VS.csproj", "{9000D290-18E2-4A06-8269-65E3F54090CF}"
EndProject
Global
	GlobalSection(SolutionConfigurationPlatforms) = preSolution
		Debug|Any CPU = Debug|Any CPU
		Release|Any CPU = Release|Any CPU
	EndGlobalSection
	GlobalSection(ProjectConfigurationPlatforms) = postSolution
		{9000D290-18E2-4A06-8269-65E3F54090CF}.Debug|Any CPU.ActiveCfg = Debug|Any CPU
		{9000D290-18E2-4A06-8269-65E3F54090CF}.Debug|Any CPU.Build.0 = Debug|Any CPU
		{9000D290-18E2-4A06-8269-65E3F54090CF}.Release|Any CPU.ActiveCfg = Release|Any CPU
		{9000D290-18E2-4A06-8269-65E3F54090CF}.Release|Any CPU.Build.0 = Release|Any CPU
	EndGlobalSection
	GlobalSection(SolutionProperties) = preSolution
		HideSolutionNode = FALSE
	EndGlobalSection
	GlobalSection(ExtensibilityGlobals) = postSolution
		SolutionGuid = {A086244A-87F4-4C99-BD23-892AA8CFC03E}
	EndGlobalSection
EndGlobal
