
Microsoft Visual Studio Solution File, Format Version 12.00
# Visual Studio Version 16
VisualStudioVersion = 16.0.34902.97
MinimumVisualStudioVersion = 10.0.40219.1
Project("{FAE04EC0-301F-11D3-BF4B-00C04F79EFBC}") = "AbstarctFactoryPatternEg", "AbstarctFactoryPatternEg\AbstarctFactoryPatternEg.csproj", "{ED67363B-A804-4175-9E81-A4CCB53B5433}"
EndProject
Global
	GlobalSection(SolutionConfigurationPlatforms) = preSolution
		Debug|Any CPU = Debug|Any CPU
		Release|Any CPU = Release|Any CPU
	EndGlobalSection
	GlobalSection(ProjectConfigurationPlatforms) = postSolution
		{ED67363B-A804-4175-9E81-A4CCB53B5433}.Debug|Any CPU.ActiveCfg = Debug|Any CPU
		{ED67363B-A804-4175-9E81-A4CCB53B5433}.Debug|Any CPU.Build.0 = Debug|Any CPU
		{ED67363B-A804-4175-9E81-A4CCB53B5433}.Release|Any CPU.ActiveCfg = Release|Any CPU
		{ED67363B-A804-4175-9E81-A4CCB53B5433}.Release|Any CPU.Build.0 = Release|Any CPU
	EndGlobalSection
	GlobalSection(SolutionProperties) = preSolution
		HideSolutionNode = FALSE
	EndGlobalSection
	GlobalSection(ExtensibilityGlobals) = postSolution
		SolutionGuid = {D1B1A729-EA33-4A71-9464-D5781B15396C}
	EndGlobalSection
EndGlobal
